
Microsoft Visual Studio Solution File, Format Version 12.00
# Visual Studio 2017
Project("{FAE04EC0-301F-11D3-BF4B-00C04F79EFBC}") = "4_Argon_Assault.Plugins", "4_Argon_Assault.Plugins.csproj", "{6CC2F622-0420-E51B-50FD-7FBC90D40A5E}"
EndProject
Project("{FAE04EC0-301F-11D3-BF4B-00C04F79EFBC}") = "4_Argon_Assault", "4_Argon_Assault.csproj", "{3AA44F42-7B51-B805-D93C-543D5B49849A}"
EndProject
Project("{FAE04EC0-301F-11D3-BF4B-00C04F79EFBC}") = "4_Argon_Assault.Editor.Plugins", "4_Argon_Assault.Editor.Plugins.csproj", "{362A639B-6E15-C8BF-D33C-B38D56398E95}"
EndProject
Global
	GlobalSection(SolutionConfigurationPlatforms) = preSolution
		Debug|Any CPU = Debug|Any CPU
		Release|Any CPU = Release|Any CPU
	EndGlobalSection
	GlobalSection(ProjectConfigurationPlatforms) = postSolution
		{6CC2F622-0420-E51B-50FD-7FBC90D40A5E}.Debug|Any CPU.ActiveCfg = Debug|Any CPU
		{6CC2F622-0420-E51B-50FD-7FBC90D40A5E}.Debug|Any CPU.Build.0 = Debug|Any CPU
		{6CC2F622-0420-E51B-50FD-7FBC90D40A5E}.Release|Any CPU.ActiveCfg = Release|Any CPU
		{6CC2F622-0420-E51B-50FD-7FBC90D40A5E}.Release|Any CPU.Build.0 = Release|Any CPU
		{3AA44F42-7B51-B805-D93C-543D5B49849A}.Debug|Any CPU.ActiveCfg = Debug|Any CPU
		{3AA44F42-7B51-B805-D93C-543D5B49849A}.Debug|Any CPU.Build.0 = Debug|Any CPU
		{3AA44F42-7B51-B805-D93C-543D5B49849A}.Release|Any CPU.ActiveCfg = Release|Any CPU
		{3AA44F42-7B51-B805-D93C-543D5B49849A}.Release|Any CPU.Build.0 = Release|Any CPU
		{362A639B-6E15-C8BF-D33C-B38D56398E95}.Debug|Any CPU.ActiveCfg = Debug|Any CPU
		{362A639B-6E15-C8BF-D33C-B38D56398E95}.Debug|Any CPU.Build.0 = Debug|Any CPU
		{362A639B-6E15-C8BF-D33C-B38D56398E95}.Release|Any CPU.ActiveCfg = Release|Any CPU
		{362A639B-6E15-C8BF-D33C-B38D56398E95}.Release|Any CPU.Build.0 = Release|Any CPU
	EndGlobalSection
	GlobalSection(SolutionProperties) = preSolution
		HideSolutionNode = FALSE
	EndGlobalSection
EndGlobal
