
Microsoft Visual Studio Solution File, Format Version 12.00
# Visual Studio 2017
Project("{FAE04EC0-301F-11D3-BF4B-00C04F79EFBC}") = "4_Argon_Assault", "4_Argon_Assault.csproj", "{3AA44F42-7B51-B805-D93C-543D5B49849A}"
EndProject
Project("{FAE04EC0-301F-11D3-BF4B-00C04F79EFBC}") = "4_Argon_Assault.Editor", "4_Argon_Assault.Editor.csproj", "{7E77A269-E237-56AB-9BA2-052918BAB1C2}"
EndProject
Global
	GlobalSection(SolutionConfigurationPlatforms) = preSolution
		Debug|Any CPU = Debug|Any CPU
		Release|Any CPU = Release|Any CPU
	EndGlobalSection
	GlobalSection(ProjectConfigurationPlatforms) = postSolution
		{3AA44F42-7B51-B805-D93C-543D5B49849A}.Debug|Any CPU.ActiveCfg = Debug|Any CPU
		{3AA44F42-7B51-B805-D93C-543D5B49849A}.Debug|Any CPU.Build.0 = Debug|Any CPU
		{3AA44F42-7B51-B805-D93C-543D5B49849A}.Release|Any CPU.ActiveCfg = Release|Any CPU
		{3AA44F42-7B51-B805-D93C-543D5B49849A}.Release|Any CPU.Build.0 = Release|Any CPU
		{7E77A269-E237-56AB-9BA2-052918BAB1C2}.Debug|Any CPU.ActiveCfg = Debug|Any CPU
		{7E77A269-E237-56AB-9BA2-052918BAB1C2}.Debug|Any CPU.Build.0 = Debug|Any CPU
		{7E77A269-E237-56AB-9BA2-052918BAB1C2}.Release|Any CPU.ActiveCfg = Release|Any CPU
		{7E77A269-E237-56AB-9BA2-052918BAB1C2}.Release|Any CPU.Build.0 = Release|Any CPU
	EndGlobalSection
	GlobalSection(SolutionProperties) = preSolution
		HideSolutionNode = FALSE
	EndGlobalSection
EndGlobal
