
Microsoft Visual Studio Solution File, Format Version 12.00
# Visual Studio 2017
Project("{FAE04EC0-301F-11D3-BF4B-00C04F79EFBC}") = "Argon_Assault", "Argon_Assault.csproj", "{B5A4E3A7-E169-F299-CF3D-36B2B544CA7C}"
EndProject
Project("{FAE04EC0-301F-11D3-BF4B-00C04F79EFBC}") = "Argon_Assault.Editor", "Argon_Assault.Editor.csproj", "{D4B428E5-1F84-B774-D180-2D903C968A56}"
EndProject
Global
	GlobalSection(SolutionConfigurationPlatforms) = preSolution
		Debug|Any CPU = Debug|Any CPU
		Release|Any CPU = Release|Any CPU
	EndGlobalSection
	GlobalSection(ProjectConfigurationPlatforms) = postSolution
		{B5A4E3A7-E169-F299-CF3D-36B2B544CA7C}.Debug|Any CPU.ActiveCfg = Debug|Any CPU
		{B5A4E3A7-E169-F299-CF3D-36B2B544CA7C}.Debug|Any CPU.Build.0 = Debug|Any CPU
		{B5A4E3A7-E169-F299-CF3D-36B2B544CA7C}.Release|Any CPU.ActiveCfg = Release|Any CPU
		{B5A4E3A7-E169-F299-CF3D-36B2B544CA7C}.Release|Any CPU.Build.0 = Release|Any CPU
		{D4B428E5-1F84-B774-D180-2D903C968A56}.Debug|Any CPU.ActiveCfg = Debug|Any CPU
		{D4B428E5-1F84-B774-D180-2D903C968A56}.Debug|Any CPU.Build.0 = Debug|Any CPU
		{D4B428E5-1F84-B774-D180-2D903C968A56}.Release|Any CPU.ActiveCfg = Release|Any CPU
		{D4B428E5-1F84-B774-D180-2D903C968A56}.Release|Any CPU.Build.0 = Release|Any CPU
	EndGlobalSection
	GlobalSection(SolutionProperties) = preSolution
		HideSolutionNode = FALSE
	EndGlobalSection
EndGlobal
